<?xml version="1.0" encoding="utf-8"?>
<Project ToolsVersion="4.0" xmlns="http://schemas.microsoft.com/developer/msbuild/2003">
  <ItemGroup>
    <Filter Include="Source files">
      <UniqueIdentifier>{38359e6a-e7d0-4471-97bb-8763faf08b0a}</UniqueIdentifier>
      <Extensions>cpp;c;cc;cxx;def;odl;idl;hpj;bat;asm;asmx</Extensions>
    </Filter>
    <Filter Include="Header files">
      <UniqueIdentifier>{73152660-7ea0-408d-921a-c0f06b61ba57}</UniqueIdentifier>
      <Extensions>h;hpp;hxx;hm;inl;inc;xsd</Extensions>
    </Filter>
    <Filter Include="Resource files">
      <UniqueIdentifier>{2b7d6098-c3e4-477a-adcd-7fdf3923a749}</UniqueIdentifier>
      <Extensions>rc;ico;cur;bmp;dlg;rc2;rct;bin;rgs;gif;jpg;jpeg;jpe;resx;tiff;tif;png;wav</Extensions>
    </Filter>
    <Filter Include="Make files">
      <UniqueIdentifier>{bc94c592-72c8-469b-9101-6d484271f53c}</UniqueIdentifier>
      <Extensions>*.mak</Extensions>
    </Filter>
    <Filter Include="Header files\Actuator">
      <UniqueIdentifier>{33881449-a7ab-46cf-bf84-c7c5a8a72ebb}</UniqueIdentifier>
    </Filter>
    <Filter Include="Header files\Core">
      <UniqueIdentifier>{f2e1bd03-55f7-4b3b-a1d3-6911ec0a2ea9}</UniqueIdentifier>
    </Filter>
    <Filter Include="Header files\Display">
      <UniqueIdentifier>{18a0593c-b51c-4697-8508-131d4d15177d}</UniqueIdentifier>
    </Filter>
    <Filter Include="Header files\Messages">
      <UniqueIdentifier>{b4b3b606-cd99-4423-846d-d3c7b48317eb}</UniqueIdentifier>
    </Filter>
    <Filter Include="Header files\Regulator">
      <UniqueIdentifier>{015589bb-49fa-49bc-8d50-280cdf574f71}</UniqueIdentifier>
    </Filter>
    <Filter Include="Header files\Sensor">
      <UniqueIdentifier>{e043f478-bd80-4322-ae42-a1b623685c04}</UniqueIdentifier>
    </Filter>
    <Filter Include="Source files\Actuator">
      <UniqueIdentifier>{0188fac7-5051-4e06-8539-6c16eadce08b}</UniqueIdentifier>
    </Filter>
    <Filter Include="Source files\Core">
      <UniqueIdentifier>{eaaddc52-8603-4b99-825b-7a3efa2d17c9}</UniqueIdentifier>
    </Filter>
    <Filter Include="Source files\Display">
      <UniqueIdentifier>{91913e7c-40eb-4cc4-886c-68fc57018a93}</UniqueIdentifier>
    </Filter>
    <Filter Include="Source files\Messages">
      <UniqueIdentifier>{b32f1a23-81ac-4c6c-b451-92c126c055dc}</UniqueIdentifier>
    </Filter>
    <Filter Include="Source files\Regulator">
      <UniqueIdentifier>{ae4cb25f-47d5-4998-98ba-735c8520ee4f}</UniqueIdentifier>
    </Filter>
    <Filter Include="Source files\Sensor">
      <UniqueIdentifier>{75230855-2275-438e-addc-de7e590dd3fe}</UniqueIdentifier>
    </Filter>
  </ItemGroup>
  <ItemGroup>
    <ClCompile Include="app\src\Main.cpp">
      <Filter>Source files</Filter>
    </ClCompile>
    <ClCompile Include="lib\app\src\actuator\ActuatorModule.cpp">
      <Filter>Source files\Actuator</Filter>
    </ClCompile>
    <ClCompile Include="lib\app\src\core\BaseMessage.cpp">
      <Filter>Source files\Core</Filter>
    </ClCompile>
    <ClCompile Include="lib\app\src\core\MessageReceiver.cpp">
      <Filter>Source files\Core</Filter>
    </ClCompile>
    <ClCompile Include="lib\app\src\core\MessageSender.cpp">
      <Filter>Source files\Core</Filter>
    </ClCompile>
    <ClCompile Include="lib\app\src\core\PeriodicTimer.cpp">
      <Filter>Source files\Core</Filter>
    </ClCompile>
    <ClCompile Include="lib\app\src\core\TemperatureControllerApplication.cpp">
      <Filter>Source files\Core</Filter>
    </ClCompile>
    <ClCompile Include="lib\app\src\display\DisplayModule.cpp">
      <Filter>Source files\Display</Filter>
    </ClCompile>
    <ClCompile Include="lib\app\src\messages\ControlMessage.cpp">
      <Filter>Source files\Messages</Filter>
    </ClCompile>
    <ClCompile Include="lib\app\src\messages\SetupMessage.cpp">
      <Filter>Source files\Messages</Filter>
    </ClCompile>
    <ClCompile Include="lib\app\src\messages\TemperatureMessage.cpp">
      <Filter>Source files\Messages</Filter>
    </ClCompile>
    <ClCompile Include="lib\app\src\regulator\RegulatorModule.cpp">
      <Filter>Source files\Regulator</Filter>
    </ClCompile>
    <ClCompile Include="lib\app\src\sensor\SensorModule.cpp">
      <Filter>Source files\Sensor</Filter>
    </ClCompile>
    <ClCompile Include="lib\comp_mock\src\actuator\ActuatorMock.cpp">
      <Filter>Source files\Actuator</Filter>
    </ClCompile>
    <ClCompile Include="lib\comp_mock\src\display\DisplayMock.cpp">
      <Filter>Source files\Display</Filter>
    </ClCompile>
    <ClCompile Include="lib\comp_mock\src\regulator\RegulatorMock.cpp">
      <Filter>Source files\Regulator</Filter>
    </ClCompile>
    <ClCompile Include="lib\comp_mock\src\sensor\SensorMock.cpp">
      <Filter>Source files\Sensor</Filter>
    </ClCompile>
    <ClCompile Include="lib\comp_impl\src\actuator\ActuatorImpl.cpp">
      <Filter>Source files\Actuator</Filter>
    </ClCompile>
    <ClCompile Include="lib\comp_impl\src\sensor\SensorImpl.cpp">
      <Filter>Source files\Sensor</Filter>
    </ClCompile>
    <ClCompile Include="lib\comp_impl\src\sensor\SHT7xComm.cpp">
      <Filter>Source files</Filter>
    </ClCompile>
  </ItemGroup>
  <ItemGroup>
    <None Include="Makefile" />
    <None Include="debug.mak">
      <Filter>Make files</Filter>
    </None>
    <None Include="release.mak">
      <Filter>Make files</Filter>
    </None>
  </ItemGroup>
  <ItemGroup>
    <ClInclude Include="lib\app\inc\actuator\ActuatorInterface.h">
      <Filter>Header files\Actuator</Filter>
    </ClInclude>
    <ClInclude Include="lib\app\inc\actuator\ActuatorModule.h">
      <Filter>Header files\Actuator</Filter>
    </ClInclude>
    <ClInclude Include="lib\app\inc\core\BaseMessage.h">
      <Filter>Header files\Core</Filter>
    </ClInclude>
    <ClInclude Include="lib\app\inc\core\MessageReceiver.h">
      <Filter>Header files\Core</Filter>
    </ClInclude>
    <ClInclude Include="lib\app\inc\core\MessageSender.h">
      <Filter>Header files\Core</Filter>
    </ClInclude>
    <ClInclude Include="lib\app\inc\core\PeriodicTimer.h">
      <Filter>Header files\Core</Filter>
    </ClInclude>
    <ClInclude Include="lib\app\inc\core\State.h">
      <Filter>Header files\Core</Filter>
    </ClInclude>
    <ClInclude Include="lib\app\inc\core\TemperatureControllerApplication.h">
      <Filter>Header files\Core</Filter>
    </ClInclude>
    <ClInclude Include="lib\app\inc\display\DisplayInterface.h">
      <Filter>Header files\Display</Filter>
    </ClInclude>
    <ClInclude Include="lib\app\inc\display\DisplayModule.h">
      <Filter>Header files\Display</Filter>
    </ClInclude>
    <ClInclude Include="lib\app\inc\messages\ControlMessage.h">
      <Filter>Header files\Messages</Filter>
    </ClInclude>
    <ClInclude Include="lib\app\inc\messages\SetupMessage.h">
      <Filter>Header files\Messages</Filter>
    </ClInclude>
    <ClInclude Include="lib\app\inc\messages\TemperatureMessage.h">
      <Filter>Header files\Messages</Filter>
    </ClInclude>
    <ClInclude Include="lib\app\inc\regulator\RegulatorInterface.h">
      <Filter>Header files\Regulator</Filter>
    </ClInclude>
    <ClInclude Include="lib\app\inc\regulator\RegulatorModule.h">
      <Filter>Header files\Regulator</Filter>
    </ClInclude>
    <ClInclude Include="lib\app\inc\sensor\SensorInterface.h">
      <Filter>Header files\Sensor</Filter>
    </ClInclude>
    <ClInclude Include="lib\app\inc\sensor\SensorModule.h">
      <Filter>Header files\Sensor</Filter>
    </ClInclude>
    <ClInclude Include="lib\app\inc\common.h">
      <Filter>Header files</Filter>
    </ClInclude>
    <ClInclude Include="lib\comp_mock\inc\actuator\ActuatorMock.h">
      <Filter>Header files\Actuator</Filter>
    </ClInclude>
    <ClInclude Include="lib\comp_mock\inc\display\DisplayMock.h">
      <Filter>Header files\Display</Filter>
    </ClInclude>
    <ClInclude Include="lib\comp_mock\inc\regulator\RegulatorMock.h">
      <Filter>Header files\Regulator</Filter>
    </ClInclude>
    <ClInclude Include="lib\comp_mock\inc\sensor\SensorMock.h">
      <Filter>Header files\Sensor</Filter>
    </ClInclude>
    <ClInclude Include="lib\app\inc\core\TextColoring.h">
      <Filter>Header files\Core</Filter>
    </ClInclude>
    <ClInclude Include="lib\comp_impl\inc\actuator\ActuatorImpl.h">
      <Filter>Header files\Actuator</Filter>
    </ClInclude>
    <ClInclude Include="lib\app\inc\core\AppException.h">
      <Filter>Header files\Core</Filter>
    </ClInclude>
    <ClInclude Include="lib\comp_impl\inc\sensor\SensorImpl.h">
      <Filter>Header files\Sensor</Filter>
    </ClInclude>
    <ClInclude Include="lib\comp_impl\inc\sensor\SHT7xComm.h">
      <Filter>Header files</Filter>
    </ClInclude>
  </ItemGroup>
</Project>